
Microsoft Visual Studio Solution File, Format Version 12.00
# Visual Studio Version 16
VisualStudioVersion = 16.0.30225.117
MinimumVisualStudioVersion = 10.0.40219.1
Project("{FAE04EC0-301F-11D3-BF4B-00C04F79EFBC}") = "Model", "Model\Model.csproj", "{2364B3C5-5572-4891-ACB2-C352DF25F407}"
EndProject
Project("{FAE04EC0-301F-11D3-BF4B-00C04F79EFBC}") = "WebBackend", "WebBackend\WebBackend.csproj", "{EC09C848-6AF1-406E-A722-ED510D7F8B14}"
EndProject
Global
	GlobalSection(SolutionConfigurationPlatforms) = preSolution
		Debug|Any CPU = Debug|Any CPU
		Release|Any CPU = Release|Any CPU
	EndGlobalSection
	GlobalSection(ProjectConfigurationPlatforms) = postSolution
		{2364B3C5-5572-4891-ACB2-C352DF25F407}.Debug|Any CPU.ActiveCfg = Debug|Any CPU
		{2364B3C5-5572-4891-ACB2-C352DF25F407}.Debug|Any CPU.Build.0 = Debug|Any CPU
		{2364B3C5-5572-4891-ACB2-C352DF25F407}.Release|Any CPU.ActiveCfg = Release|Any CPU
		{2364B3C5-5572-4891-ACB2-C352DF25F407}.Release|Any CPU.Build.0 = Release|Any CPU
		{EC09C848-6AF1-406E-A722-ED510D7F8B14}.Debug|Any CPU.ActiveCfg = Debug|Any CPU
		{EC09C848-6AF1-406E-A722-ED510D7F8B14}.Debug|Any CPU.Build.0 = Debug|Any CPU
		{EC09C848-6AF1-406E-A722-ED510D7F8B14}.Release|Any CPU.ActiveCfg = Release|Any CPU
		{EC09C848-6AF1-406E-A722-ED510D7F8B14}.Release|Any CPU.Build.0 = Release|Any CPU
	EndGlobalSection
	GlobalSection(SolutionProperties) = preSolution
		HideSolutionNode = FALSE
	EndGlobalSection
	GlobalSection(ExtensibilityGlobals) = postSolution
		SolutionGuid = {78442B97-9BB7-4377-87F5-C05E3C8D7F1F}
	EndGlobalSection
EndGlobal
